# THIS IS AN AUTOGENERATED FILE. DO NOT EDIT THIS FILE DIRECTLY.
# yarn lockfile v1


"@colyseus/schema@^1.0.31":
  version "1.0.31"
  resolved "https://registry.yarnpkg.com/@colyseus/schema/-/schema-1.0.31.tgz#fd77c7fe1aee9790cc4c6c77b0c346f5b0fb1386"
  integrity sha512-dm8piBTWKt8MR4bwtJmkmzRYR0ucbtUfWuo86Uu+ew3ogv2o+5JKvhxRLJKS+SH36C1f1+cYQbZViYAwscJpQA==

typescript@^4.5.4:
  version "4.5.4"
  resolved "https://registry.yarnpkg.com/typescript/-/typescript-4.5.4.tgz#a17d3a0263bf5c8723b9c52f43c5084edf13c2e8"
  integrity sha512-VgYs2A2QIRuGphtzFV7aQJduJ2gyfTljngLzjpfW9FoYZF6xuw1W0vW9ghCKLfcWrCFxK81CSGRAvS1pn4fIUg==
